{
  "name": "swaneck.github.io",
  "version": "1.0.0",
  "lockfileVersion": 1,
  "requires": true,
  "dependencies": {
    "@glidejs/glide": {
      "version": "3.2.6",
      "resolved": "https://registry.npmjs.org/@glidejs/glide/-/glide-3.2.6.tgz",
      "integrity": "sha512-yjXI5icEpjvowbiUVjtG//CfqWLcp/mtvlC52ZxKsjBz1jVjkaFrl0W7suVEg6Yw30fR/nO7MSSmzOa9ULniwg==",
      "dev": true
    },
    "jquery": {
      "version": "3.3.1",
      "resolved": "https://registry.npmjs.org/jquery/-/jquery-3.3.1.tgz",
      "integrity": "sha512-Ubldcmxp5np52/ENotGxlLe6aGMvmF4R8S6tZjsP6Knsaxd/xp3Zrh50cG93lR6nPXyUFwzN3ZSOQI0wRJNdGg==",
      "dev": true
    }
  }
}
